
Microsoft Visual Studio Solution File, Format Version 12.00
# Visual Studio Version 16
VisualStudioVersion = 16.0.30002.166
MinimumVisualStudioVersion = 10.0.40219.1
Project("{FAE04EC0-301F-11D3-BF4B-00C04F79EFBC}") = "eShopping.Customers.Service", "eShopping.Customers.Service\eShopping.Customers.Service.csproj", "{7BC24F7D-76C1-4451-B4FE-2F6085A7C42B}"
EndProject
Project("{FAE04EC0-301F-11D3-BF4B-00C04F79EFBC}") = "eShopping.ProductCatalog.Service", "eShopping.ProductCatalog.Service\eShopping.ProductCatalog.Service.csproj", "{751C696E-D53C-415F-8046-41F6CBC66ACE}"
EndProject
Global
	GlobalSection(SolutionConfigurationPlatforms) = preSolution
		Debug|Any CPU = Debug|Any CPU
		Release|Any CPU = Release|Any CPU
	EndGlobalSection
	GlobalSection(ProjectConfigurationPlatforms) = postSolution
		{7BC24F7D-76C1-4451-B4FE-2F6085A7C42B}.Debug|Any CPU.ActiveCfg = Debug|Any CPU
		{7BC24F7D-76C1-4451-B4FE-2F6085A7C42B}.Debug|Any CPU.Build.0 = Debug|Any CPU
		{7BC24F7D-76C1-4451-B4FE-2F6085A7C42B}.Release|Any CPU.ActiveCfg = Release|Any CPU
		{7BC24F7D-76C1-4451-B4FE-2F6085A7C42B}.Release|Any CPU.Build.0 = Release|Any CPU
		{751C696E-D53C-415F-8046-41F6CBC66ACE}.Debug|Any CPU.ActiveCfg = Debug|Any CPU
		{751C696E-D53C-415F-8046-41F6CBC66ACE}.Debug|Any CPU.Build.0 = Debug|Any CPU
		{751C696E-D53C-415F-8046-41F6CBC66ACE}.Release|Any CPU.ActiveCfg = Release|Any CPU
		{751C696E-D53C-415F-8046-41F6CBC66ACE}.Release|Any CPU.Build.0 = Release|Any CPU
	EndGlobalSection
	GlobalSection(SolutionProperties) = preSolution
		HideSolutionNode = FALSE
	EndGlobalSection
	GlobalSection(ExtensibilityGlobals) = postSolution
		SolutionGuid = {709F5E4B-0453-46B6-9CC8-2FED12E876E5}
	EndGlobalSection
EndGlobal
